
Microsoft Visual Studio Solution File, Format Version 11.00
# Visual Studio 2010
Project("{FAE04EC0-301F-11D3-BF4B-00C04F79EFBC}") = "Space Survival", "Assembly-CSharp.csproj", "{86182CAD-EA89-F33C-5F71-BDB64CEAC597}"
EndProject
Global
	GlobalSection(SolutionConfigurationPlatforms) = preSolution
		Debug|Any CPU = Debug|Any CPU
		Release|Any CPU = Release|Any CPU
	EndGlobalSection
	GlobalSection(ProjectConfigurationPlatforms) = postSolution
		{86182CAD-EA89-F33C-5F71-BDB64CEAC597}.Debug|Any CPU.ActiveCfg = Debug|Any CPU
		{86182CAD-EA89-F33C-5F71-BDB64CEAC597}.Debug|Any CPU.Build.0 = Debug|Any CPU
		{86182CAD-EA89-F33C-5F71-BDB64CEAC597}.Release|Any CPU.ActiveCfg = Release|Any CPU
		{86182CAD-EA89-F33C-5F71-BDB64CEAC597}.Release|Any CPU.Build.0 = Release|Any CPU
	EndGlobalSection
	GlobalSection(SolutionProperties) = preSolution
		HideSolutionNode = FALSE
	EndGlobalSection
	GlobalSection(MonoDevelopProperties) = preSolution
		StartupItem = Assembly-CSharp.csproj
	EndGlobalSection
EndGlobal
